#MicroXplorer Configuration settings - do not modify
Mcu.Family=STM32F0
VP_RTC_VS_RTC_Activate.Signal=RTC_VS_RTC_Activate
PA6.GPIOParameters=GPIO_Label
ProjectManager.MainLocation=Src
ProjectManager.ProjectFileName=shiftRegister.ioc
PA7.Mode=Simplex_Bidirectional_Master
ProjectManager.KeepUserCode=true
Mcu.UserName=STM32F030F4Px
Mcu.PinsNb=10
SPI1.VirtualType=VM_MASTER
ProjectManager.NoMain=false
SPI1.IPParameters=VirtualType,Mode,Direction,CalculateBaudRate,DataSize
RCC.PLLCLKFreq_Value=8000000
PA9.GPIO_Label=BTN
ProjectManager.functionlistsort=1-MX_GPIO_Init-GPIO-false-LL-true,2-SystemClock_Config-RCC-false-LL-false,3-MX_SPI1_Init-SPI1-false-LL-true,4-MX_RTC_Init-RTC-false-LL-true
PA9.GPIOParameters=GPIO_Label
VP_RTC_VS_RTC_Activate.Mode=RTC_Enabled
RCC.RTCFreq_Value=250000
ProjectManager.DefaultFWLocation=true
PA6.GPIO_Label=ENTER
NVIC.SVC_IRQn=true\:0\:0\:false\:false\:true\:false\:false
ProjectManager.DeletePrevious=true
PinOutPanel.RotationAngle=0
RCC.FamilyName=M
RCC.SYSCLKSource=RCC_SYSCLKSOURCE_HSE
ProjectManager.StackSize=0x400
PA13.Signal=SYS_SWDIO
Mcu.IP4=SYS
Mcu.IP2=RTC
Mcu.IP3=SPI1
Mcu.IP0=NVIC
Mcu.IP1=RCC
RTC.SynchPrediv=2499
Mcu.UserConstants=
ProjectManager.TargetToolchain=MDK-ARM V5.27
Mcu.ThirdPartyNb=0
SPI1.Direction=SPI_DIRECTION_1LINE
Mcu.IPNb=5
ProjectManager.PreviousToolchain=
PA9.Signal=GPIO_Input
RTC.IPParameters=AsynchPrediv,SynchPrediv
SPI1.CalculateBaudRate=4.0 MBits/s
Mcu.Pin6=PA13
Mcu.Pin7=PA14
Mcu.Pin8=VP_RTC_VS_RTC_Activate
Mcu.Pin9=VP_SYS_VS_Systick
Mcu.Pin0=PF0-OSC_IN
PF0-OSC_IN.Mode=HSE-External-Oscillator
Mcu.Pin1=PF1-OSC_OUT
GPIO.groupedBy=Group By Peripherals
Mcu.Pin2=PA5
Mcu.Pin3=PA6
Mcu.Pin4=PA7
Mcu.Pin5=PA9
PA5.Signal=SPI1_SCK
ProjectManager.ProjectBuild=false
board=custom
NVIC.SysTick_IRQn=true\:0\:0\:false\:false\:true\:false\:true
RCC.RTCClockSelection=RCC_RTCCLKSOURCE_HSE_DIV32
ProjectManager.LastFirmware=true
RCC.VCOOutput2Freq_Value=4000000
ProjectManager.FirmwarePackage=STM32Cube FW_F0 V1.11.0
MxDb.Version=DB.5.0.50
ProjectManager.BackupPrevious=false
MxCube.Version=5.5.0
SPI1.Mode=SPI_MODE_MASTER
PA14.Mode=Serial_Wire
SPI1.DataSize=SPI_DATASIZE_8BIT
File.Version=6
VP_SYS_VS_Systick.Mode=SysTick
RTC.AsynchPrediv=99
PA9.Locked=true
NVIC.NonMaskableInt_IRQn=true\:0\:0\:false\:false\:true\:false\:false
NVIC.PendSV_IRQn=true\:0\:0\:false\:false\:true\:false\:false
PA13.Mode=Serial_Wire
ProjectManager.FreePins=false
RCC.IPParameters=FamilyName,PLLCLKFreq_Value,RTCClockSelection,RTCFreq_Value,SYSCLKSource,TimSysFreq_Value,VCOOutput2Freq_Value
ProjectManager.AskForMigrate=false
Mcu.Name=STM32F030F4Px
ProjectManager.HalAssertFull=false
ProjectManager.ProjectName=shiftRegister
ProjectManager.UnderRoot=false
ProjectManager.CoupleFile=false
Mcu.Package=TSSOP20
PA6.Signal=GPIO_Output
RCC.TimSysFreq_Value=8000000
NVIC.ForceEnableDMAVector=true
KeepUserPlacement=false
ProjectManager.CompilerOptimize=6
ProjectManager.ToolChainLocation=
VP_SYS_VS_Systick.Signal=SYS_VS_Systick
PA14.Signal=SYS_SWCLK
ProjectManager.HeapSize=0x200
NVIC.HardFault_IRQn=true\:0\:0\:false\:false\:true\:false\:false
ProjectManager.ComputerToolchain=false
PF0-OSC_IN.Signal=RCC_OSC_IN
PF1-OSC_OUT.Mode=HSE-External-Oscillator
ProjectManager.CustomerFirmwarePackage=
ProjectManager.DeviceId=STM32F030F4Px
PF1-OSC_OUT.Signal=RCC_OSC_OUT
ProjectManager.LibraryCopy=0
PA5.Mode=Simplex_Bidirectional_Master
PA7.Signal=SPI1_MOSI
PA6.Locked=true
